// !$*UTF8*$!
{
	archiveVersion = 1;
	classes = {
	};
	objectVersion = 50;
	objects = {

/* Begin PBXBuildFile section */
		5C65579EA8BAF4C279E77A16 /* Pods_AcatantMaster.framework in Frameworks */ = {isa = PBXBuildFile; fileRef = B3888AB1C3A77E24767FFB5E /* Pods_AcatantMaster.framework */; };
		8E44FD0B233312AB00993A6F /* AppDelegate.swift in Sources */ = {isa = PBXBuildFile; fileRef = 8E44FD0A233312AB00993A6F /* AppDelegate.swift */; };
		8E44FD0D233312AB00993A6F /* ViewController.swift in Sources */ = {isa = PBXBuildFile; fileRef = 8E44FD0C233312AB00993A6F /* ViewController.swift */; };
		8E44FD10233312AB00993A6F /* Main.storyboard in Resources */ = {isa = PBXBuildFile; fileRef = 8E44FD0E233312AB00993A6F /* Main.storyboard */; };
		8E44FD13233312AB00993A6F /* AcatantMaster.xcdatamodeld in Sources */ = {isa = PBXBuildFile; fileRef = 8E44FD11233312AB00993A6F /* AcatantMaster.xcdatamodeld */; };
		8E44FD15233312AE00993A6F /* Assets.xcassets in Resources */ = {isa = PBXBuildFile; fileRef = 8E44FD14233312AE00993A6F /* Assets.xcassets */; };
		8E44FD18233312AE00993A6F /* LaunchScreen.storyboard in Resources */ = {isa = PBXBuildFile; fileRef = 8E44FD16233312AE00993A6F /* LaunchScreen.storyboard */; };
		8E44FD2223331C3300993A6F /* CloudKit.framework in Frameworks */ = {isa = PBXBuildFile; fileRef = 8E44FD2123331C3300993A6F /* CloudKit.framework */; };
		8EFDD8C323337B47006A6B07 /* AcatantSentimentClassifier.mlmodel in Sources */ = {isa = PBXBuildFile; fileRef = 8EFDD8C223337B47006A6B07 /* AcatantSentimentClassifier.mlmodel */; };
		8EFDD8C52333C104006A6B07 /* MainScreenViewController.swift in Sources */ = {isa = PBXBuildFile; fileRef = 8EFDD8C42333C104006A6B07 /* MainScreenViewController.swift */; };
		8EFDD8C72333C574006A6B07 /* Extension.swift in Sources */ = {isa = PBXBuildFile; fileRef = 8EFDD8C62333C574006A6B07 /* Extension.swift */; };
		8EFDD8C92333F70A006A6B07 /* ResultViewController.swift in Sources */ = {isa = PBXBuildFile; fileRef = 8EFDD8C82333F70A006A6B07 /* ResultViewController.swift */; };
/* End PBXBuildFile section */

/* Begin PBXFileReference section */
		62307DFF34B0CA7360610FB0 /* Pods-AcatantMaster.debug.xcconfig */ = {isa = PBXFileReference; includeInIndex = 1; lastKnownFileType = text.xcconfig; name = "Pods-AcatantMaster.debug.xcconfig"; path = "Target Support Files/Pods-AcatantMaster/Pods-AcatantMaster.debug.xcconfig"; sourceTree = "<group>"; };
		8E44FD07233312AB00993A6F /* AcatantMaster.app */ = {isa = PBXFileReference; explicitFileType = wrapper.application; includeInIndex = 0; path = AcatantMaster.app; sourceTree = BUILT_PRODUCTS_DIR; };
		8E44FD0A233312AB00993A6F /* AppDelegate.swift */ = {isa = PBXFileReference; lastKnownFileType = sourcecode.swift; path = AppDelegate.swift; sourceTree = "<group>"; };
		8E44FD0C233312AB00993A6F /* ViewController.swift */ = {isa = PBXFileReference; lastKnownFileType = sourcecode.swift; path = ViewController.swift; sourceTree = "<group>"; };
		8E44FD0F233312AB00993A6F /* Base */ = {isa = PBXFileReference; lastKnownFileType = file.storyboard; name = Base; path = Base.lproj/Main.storyboard; sourceTree = "<group>"; };
		8E44FD12233312AB00993A6F /* AcatantMaster.xcdatamodel */ = {isa = PBXFileReference; lastKnownFileType = wrapper.xcdatamodel; path = AcatantMaster.xcdatamodel; sourceTree = "<group>"; };
		8E44FD14233312AE00993A6F /* Assets.xcassets */ = {isa = PBXFileReference; lastKnownFileType = folder.assetcatalog; path = Assets.xcassets; sourceTree = "<group>"; };
		8E44FD17233312AE00993A6F /* Base */ = {isa = PBXFileReference; lastKnownFileType = file.storyboard; name = Base; path = Base.lproj/LaunchScreen.storyboard; sourceTree = "<group>"; };
		8E44FD19233312AE00993A6F /* Info.plist */ = {isa = PBXFileReference; lastKnownFileType = text.plist.xml; path = Info.plist; sourceTree = "<group>"; };
		8E44FD1F2333130B00993A6F /* AcatantMaster.entitlements */ = {isa = PBXFileReference; lastKnownFileType = text.plist.entitlements; path = AcatantMaster.entitlements; sourceTree = "<group>"; };
		8E44FD2123331C3300993A6F /* CloudKit.framework */ = {isa = PBXFileReference; lastKnownFileType = wrapper.framework; name = CloudKit.framework; path = System/Library/Frameworks/CloudKit.framework; sourceTree = SDKROOT; };
		8EFDD8C223337B47006A6B07 /* AcatantSentimentClassifier.mlmodel */ = {isa = PBXFileReference; lastKnownFileType = file.mlmodel; path = AcatantSentimentClassifier.mlmodel; sourceTree = "<group>"; };
		8EFDD8C42333C104006A6B07 /* MainScreenViewController.swift */ = {isa = PBXFileReference; lastKnownFileType = sourcecode.swift; path = MainScreenViewController.swift; sourceTree = "<group>"; };
		8EFDD8C62333C574006A6B07 /* Extension.swift */ = {isa = PBXFileReference; lastKnownFileType = sourcecode.swift; path = Extension.swift; sourceTree = "<group>"; };
		8EFDD8C82333F70A006A6B07 /* ResultViewController.swift */ = {isa = PBXFileReference; lastKnownFileType = sourcecode.swift; path = ResultViewController.swift; sourceTree = "<group>"; };
		B3888AB1C3A77E24767FFB5E /* Pods_AcatantMaster.framework */ = {isa = PBXFileReference; explicitFileType = wrapper.framework; includeInIndex = 0; path = Pods_AcatantMaster.framework; sourceTree = BUILT_PRODUCTS_DIR; };
		D6373C09385B4A8B192F4F0D /* Pods-AcatantMaster.release.xcconfig */ = {isa = PBXFileReference; includeInIndex = 1; lastKnownFileType = text.xcconfig; name = "Pods-AcatantMaster.release.xcconfig"; path = "Target Support Files/Pods-AcatantMaster/Pods-AcatantMaster.release.xcconfig"; sourceTree = "<group>"; };
/* End PBXFileReference section */

/* Begin PBXFrameworksBuildPhase section */
		8E44FD04233312AB00993A6F /* Frameworks */ = {
			isa = PBXFrameworksBuildPhase;
			buildActionMask = 2147483647;
			files = (
				8E44FD2223331C3300993A6F /* CloudKit.framework in Frameworks */,
				5C65579EA8BAF4C279E77A16 /* Pods_AcatantMaster.framework in Frameworks */,
			);
			runOnlyForDeploymentPostprocessing = 0;
		};
/* End PBXFrameworksBuildPhase section */

/* Begin PBXGroup section */
		33920CB2D80BBF537C801931 /* Pods */ = {
			isa = PBXGroup;
			children = (
				62307DFF34B0CA7360610FB0 /* Pods-AcatantMaster.debug.xcconfig */,
				D6373C09385B4A8B192F4F0D /* Pods-AcatantMaster.release.xcconfig */,
			);
			path = Pods;
			sourceTree = "<group>";
		};
		8E44FCFE233312AB00993A6F = {
			isa = PBXGroup;
			children = (
				8E44FD09233312AB00993A6F /* AcatantMaster */,
				8E44FD08233312AB00993A6F /* Products */,
				8E44FD2023331C3300993A6F /* Frameworks */,
				33920CB2D80BBF537C801931 /* Pods */,
			);
			sourceTree = "<group>";
		};
		8E44FD08233312AB00993A6F /* Products */ = {
			isa = PBXGroup;
			children = (
				8E44FD07233312AB00993A6F /* AcatantMaster.app */,
			);
			name = Products;
			sourceTree = "<group>";
		};
		8E44FD09233312AB00993A6F /* AcatantMaster */ = {
			isa = PBXGroup;
			children = (
				8EFDD8C223337B47006A6B07 /* AcatantSentimentClassifier.mlmodel */,
				8E44FD1F2333130B00993A6F /* AcatantMaster.entitlements */,
				8E44FD0A233312AB00993A6F /* AppDelegate.swift */,
				8E44FD0C233312AB00993A6F /* ViewController.swift */,
				8E44FD0E233312AB00993A6F /* Main.storyboard */,
				8E44FD14233312AE00993A6F /* Assets.xcassets */,
				8E44FD16233312AE00993A6F /* LaunchScreen.storyboard */,
				8E44FD19233312AE00993A6F /* Info.plist */,
				8E44FD11233312AB00993A6F /* AcatantMaster.xcdatamodeld */,
				8EFDD8C42333C104006A6B07 /* MainScreenViewController.swift */,
				8EFDD8C62333C574006A6B07 /* Extension.swift */,
				8EFDD8C82333F70A006A6B07 /* ResultViewController.swift */,
			);
			path = AcatantMaster;
			sourceTree = "<group>";
		};
		8E44FD2023331C3300993A6F /* Frameworks */ = {
			isa = PBXGroup;
			children = (
				8E44FD2123331C3300993A6F /* CloudKit.framework */,
				B3888AB1C3A77E24767FFB5E /* Pods_AcatantMaster.framework */,
			);
			name = Frameworks;
			sourceTree = "<group>";
		};
/* End PBXGroup section */

/* Begin PBXNativeTarget section */
		8E44FD06233312AB00993A6F /* AcatantMaster */ = {
			isa = PBXNativeTarget;
			buildConfigurationList = 8E44FD1C233312AE00993A6F /* Build configuration list for PBXNativeTarget "AcatantMaster" */;
			buildPhases = (
				0AB2B5B47657E63CE4384A85 /* [CP] Check Pods Manifest.lock */,
				8E44FD03233312AB00993A6F /* Sources */,
				8E44FD04233312AB00993A6F /* Frameworks */,
				8E44FD05233312AB00993A6F /* Resources */,
				B2F39E01B81A543B38499EC2 /* [CP] Embed Pods Frameworks */,
			);
			buildRules = (
			);
			dependencies = (
			);
			name = AcatantMaster;
			productName = AcatantMaster;
			productReference = 8E44FD07233312AB00993A6F /* AcatantMaster.app */;
			productType = "com.apple.product-type.application";
		};
/* End PBXNativeTarget section */

/* Begin PBXProject section */
		8E44FCFF233312AB00993A6F /* Project object */ = {
			isa = PBXProject;
			attributes = {
				LastSwiftUpdateCheck = 1030;
				LastUpgradeCheck = 1030;
				ORGANIZATIONNAME = "Indra Sumawi";
				TargetAttributes = {
					8E44FD06233312AB00993A6F = {
						CreatedOnToolsVersion = 10.3;
						SystemCapabilities = {
							com.apple.BackgroundModes = {
								enabled = 1;
							};
							com.apple.Push = {
								enabled = 1;
							};
							com.apple.iCloud = {
								enabled = 1;
							};
						};
					};
				};
			};
			buildConfigurationList = 8E44FD02233312AB00993A6F /* Build configuration list for PBXProject "AcatantMaster" */;
			compatibilityVersion = "Xcode 9.3";
			developmentRegion = en;
			hasScannedForEncodings = 0;
			knownRegions = (
				en,
				Base,
			);
			mainGroup = 8E44FCFE233312AB00993A6F;
			productRefGroup = 8E44FD08233312AB00993A6F /* Products */;
			projectDirPath = "";
			projectRoot = "";
			targets = (
				8E44FD06233312AB00993A6F /* AcatantMaster */,
			);
		};
/* End PBXProject section */

/* Begin PBXResourcesBuildPhase section */
		8E44FD05233312AB00993A6F /* Resources */ = {
			isa = PBXResourcesBuildPhase;
			buildActionMask = 2147483647;
			files = (
				8E44FD18233312AE00993A6F /* LaunchScreen.storyboard in Resources */,
				8E44FD15233312AE00993A6F /* Assets.xcassets in Resources */,
				8E44FD10233312AB00993A6F /* Main.storyboard in Resources */,
			);
			runOnlyForDeploymentPostprocessing = 0;
		};
/* End PBXResourcesBuildPhase section */

/* Begin PBXShellScriptBuildPhase section */
		0AB2B5B47657E63CE4384A85 /* [CP] Check Pods Manifest.lock */ = {
			isa = PBXShellScriptBuildPhase;
			buildActionMask = 2147483647;
			files = (
			);
			inputFileListPaths = (
			);
			inputPaths = (
				"${PODS_PODFILE_DIR_PATH}/Podfile.lock",
				"${PODS_ROOT}/Manifest.lock",
			);
			name = "[CP] Check Pods Manifest.lock";
			outputFileListPaths = (
			);
			outputPaths = (
				"$(DERIVED_FILE_DIR)/Pods-AcatantMaster-checkManifestLockResult.txt",
			);
			runOnlyForDeploymentPostprocessing = 0;
			shellPath = /bin/sh;
			shellScript = "diff \"${PODS_PODFILE_DIR_PATH}/Podfile.lock\" \"${PODS_ROOT}/Manifest.lock\" > /dev/null\nif [ $? != 0 ] ; then\n    # print error to STDERR\n    echo \"error: The sandbox is not in sync with the Podfile.lock. Run 'pod install' or update your CocoaPods installation.\" >&2\n    exit 1\nfi\n# This output is used by Xcode 'outputs' to avoid re-running this script phase.\necho \"SUCCESS\" > \"${SCRIPT_OUTPUT_FILE_0}\"\n";
			showEnvVarsInLog = 0;
		};
		B2F39E01B81A543B38499EC2 /* [CP] Embed Pods Frameworks */ = {
			isa = PBXShellScriptBuildPhase;
			buildActionMask = 2147483647;
			files = (
			);
			inputFileListPaths = (
			);
			inputPaths = (
				"${PODS_ROOT}/Target Support Files/Pods-AcatantMaster/Pods-AcatantMaster-frameworks.sh",
				"${BUILT_PRODUCTS_DIR}/YXWaveView/YXWaveView.framework",
			);
			name = "[CP] Embed Pods Frameworks";
			outputFileListPaths = (
			);
			outputPaths = (
				"${TARGET_BUILD_DIR}/${FRAMEWORKS_FOLDER_PATH}/YXWaveView.framework",
			);
			runOnlyForDeploymentPostprocessing = 0;
			shellPath = /bin/sh;
			shellScript = "\"${PODS_ROOT}/Target Support Files/Pods-AcatantMaster/Pods-AcatantMaster-frameworks.sh\"\n";
			showEnvVarsInLog = 0;
		};
/* End PBXShellScriptBuildPhase section */

/* Begin PBXSourcesBuildPhase section */
		8E44FD03233312AB00993A6F /* Sources */ = {
			isa = PBXSourcesBuildPhase;
			buildActionMask = 2147483647;
			files = (
				8EFDD8C52333C104006A6B07 /* MainScreenViewController.swift in Sources */,
				8E44FD0D233312AB00993A6F /* ViewController.swift in Sources */,
				8EFDD8C92333F70A006A6B07 /* ResultViewController.swift in Sources */,
				8E44FD0B233312AB00993A6F /* AppDelegate.swift in Sources */,
				8EFDD8C72333C574006A6B07 /* Extension.swift in Sources */,
				8EFDD8C323337B47006A6B07 /* AcatantSentimentClassifier.mlmodel in Sources */,
				8E44FD13233312AB00993A6F /* AcatantMaster.xcdatamodeld in Sources */,
			);
			runOnlyForDeploymentPostprocessing = 0;
		};
/* End PBXSourcesBuildPhase section */

/* Begin PBXVariantGroup section */
		8E44FD0E233312AB00993A6F /* Main.storyboard */ = {
			isa = PBXVariantGroup;
			children = (
				8E44FD0F233312AB00993A6F /* Base */,
			);
			name = Main.storyboard;
			sourceTree = "<group>";
		};
		8E44FD16233312AE00993A6F /* LaunchScreen.storyboard */ = {
			isa = PBXVariantGroup;
			children = (
				8E44FD17233312AE00993A6F /* Base */,
			);
			name = LaunchScreen.storyboard;
			sourceTree = "<group>";
		};
/* End PBXVariantGroup section */

/* Begin XCBuildConfiguration section */
		8E44FD1A233312AE00993A6F /* Debug */ = {
			isa = XCBuildConfiguration;
			buildSettings = {
				ALWAYS_SEARCH_USER_PATHS = NO;
				CLANG_ANALYZER_NONNULL = YES;
				CLANG_ANALYZER_NUMBER_OBJECT_CONVERSION = YES_AGGRESSIVE;
				CLANG_CXX_LANGUAGE_STANDARD = "gnu++14";
				CLANG_CXX_LIBRARY = "libc++";
				CLANG_ENABLE_MODULES = YES;
				CLANG_ENABLE_OBJC_ARC = YES;
				CLANG_ENABLE_OBJC_WEAK = YES;
				CLANG_WARN_BLOCK_CAPTURE_AUTORELEASING = YES;
				CLANG_WARN_BOOL_CONVERSION = YES;
				CLANG_WARN_COMMA = YES;
				CLANG_WARN_CONSTANT_CONVERSION = YES;
				CLANG_WARN_DEPRECATED_OBJC_IMPLEMENTATIONS = YES;
				CLANG_WARN_DIRECT_OBJC_ISA_USAGE = YES_ERROR;
				CLANG_WARN_DOCUMENTATION_COMMENTS = YES;
				CLANG_WARN_EMPTY_BODY = YES;
				CLANG_WARN_ENUM_CONVERSION = YES;
				CLANG_WARN_INFINITE_RECURSION = YES;
				CLANG_WARN_INT_CONVERSION = YES;
				CLANG_WARN_NON_LITERAL_NULL_CONVERSION = YES;
				CLANG_WARN_OBJC_IMPLICIT_RETAIN_SELF = YES;
				CLANG_WARN_OBJC_LITERAL_CONVERSION = YES;
				CLANG_WARN_OBJC_ROOT_CLASS = YES_ERROR;
				CLANG_WARN_RANGE_LOOP_ANALYSIS = YES;
				CLANG_WARN_STRICT_PROTOTYPES = YES;
				CLANG_WARN_SUSPICIOUS_MOVE = YES;
				CLANG_WARN_UNGUARDED_AVAILABILITY = YES_AGGRESSIVE;
				CLANG_WARN_UNREACHABLE_CODE = YES;
				CLANG_WARN__DUPLICATE_METHOD_MATCH = YES;
				CODE_SIGN_IDENTITY = "iPhone Developer";
				COPY_PHASE_STRIP = NO;
				DEBUG_INFORMATION_FORMAT = dwarf;
				ENABLE_STRICT_OBJC_MSGSEND = YES;
				ENABLE_TESTABILITY = YES;
				GCC_C_LANGUAGE_STANDARD = gnu11;
				GCC_DYNAMIC_NO_PIC = NO;
				GCC_NO_COMMON_BLOCKS = YES;
				GCC_OPTIMIZATION_LEVEL = 0;
				GCC_PREPROCESSOR_DEFINITIONS = (
					"DEBUG=1",
					"$(inherited)",
				);
				GCC_WARN_64_TO_32_BIT_CONVERSION = YES;
				GCC_WARN_ABOUT_RETURN_TYPE = YES_ERROR;
				GCC_WARN_UNDECLARED_SELECTOR = YES;
				GCC_WARN_UNINITIALIZED_AUTOS = YES_AGGRESSIVE;
				GCC_WARN_UNUSED_FUNCTION = YES;
				GCC_WARN_UNUSED_VARIABLE = YES;
				IPHONEOS_DEPLOYMENT_TARGET = 12.4;
				MTL_ENABLE_DEBUG_INFO = INCLUDE_SOURCE;
				MTL_FAST_MATH = YES;
				ONLY_ACTIVE_ARCH = YES;
				SDKROOT = iphoneos;
				SWIFT_ACTIVE_COMPILATION_CONDITIONS = DEBUG;
				SWIFT_OPTIMIZATION_LEVEL = "-Onone";
			};
			name = Debug;
		};
		8E44FD1B233312AE00993A6F /* Release */ = {
			isa = XCBuildConfiguration;
			buildSettings = {
				ALWAYS_SEARCH_USER_PATHS = NO;
				CLANG_ANALYZER_NONNULL = YES;
				CLANG_ANALYZER_NUMBER_OBJECT_CONVERSION = YES_AGGRESSIVE;
				CLANG_CXX_LANGUAGE_STANDARD = "gnu++14";
				CLANG_CXX_LIBRARY = "libc++";
				CLANG_ENABLE_MODULES = YES;
				CLANG_ENABLE_OBJC_ARC = YES;
				CLANG_ENABLE_OBJC_WEAK = YES;
				CLANG_WARN_BLOCK_CAPTURE_AUTORELEASING = YES;
				CLANG_WARN_BOOL_CONVERSION = YES;
				CLANG_WARN_COMMA = YES;
				CLANG_WARN_CONSTANT_CONVERSION = YES;
				CLANG_WARN_DEPRECATED_OBJC_IMPLEMENTATIONS = YES;
				CLANG_WARN_DIRECT_OBJC_ISA_USAGE = YES_ERROR;
				CLANG_WARN_DOCUMENTATION_COMMENTS = YES;
				CLANG_WARN_EMPTY_BODY = YES;
				CLANG_WARN_ENUM_CONVERSION = YES;
				CLANG_WARN_INFINITE_RECURSION = YES;
				CLANG_WARN_INT_CONVERSION = YES;
				CLANG_WARN_NON_LITERAL_NULL_CONVERSION = YES;
				CLANG_WARN_OBJC_IMPLICIT_RETAIN_SELF = YES;
				CLANG_WARN_OBJC_LITERAL_CONVERSION = YES;
				CLANG_WARN_OBJC_ROOT_CLASS = YES_ERROR;
				CLANG_WARN_RANGE_LOOP_ANALYSIS = YES;
				CLANG_WARN_STRICT_PROTOTYPES = YES;
				CLANG_WARN_SUSPICIOUS_MOVE = YES;
				CLANG_WARN_UNGUARDED_AVAILABILITY = YES_AGGRESSIVE;
				CLANG_WARN_UNREACHABLE_CODE = YES;
				CLANG_WARN__DUPLICATE_METHOD_MATCH = YES;
				CODE_SIGN_IDENTITY = "iPhone Developer";
				COPY_PHASE_STRIP = NO;
				DEBUG_INFORMATION_FORMAT = "dwarf-with-dsym";
				ENABLE_NS_ASSERTIONS = NO;
				ENABLE_STRICT_OBJC_MSGSEND = YES;
				GCC_C_LANGUAGE_STANDARD = gnu11;
				GCC_NO_COMMON_BLOCKS = YES;
				GCC_WARN_64_TO_32_BIT_CONVERSION = YES;
				GCC_WARN_ABOUT_RETURN_TYPE = YES_ERROR;
				GCC_WARN_UNDECLARED_SELECTOR = YES;
				GCC_WARN_UNINITIALIZED_AUTOS = YES_AGGRESSIVE;
				GCC_WARN_UNUSED_FUNCTION = YES;
				GCC_WARN_UNUSED_VARIABLE = YES;
				IPHONEOS_DEPLOYMENT_TARGET = 12.4;
				MTL_ENABLE_DEBUG_INFO = NO;
				MTL_FAST_MATH = YES;
				SDKROOT = iphoneos;
				SWIFT_COMPILATION_MODE = wholemodule;
				SWIFT_OPTIMIZATION_LEVEL = "-O";
				VALIDATE_PRODUCT = YES;
			};
			name = Release;
		};
		8E44FD1D233312AE00993A6F /* Debug */ = {
			isa = XCBuildConfiguration;
			baseConfigurationReference = 62307DFF34B0CA7360610FB0 /* Pods-AcatantMaster.debug.xcconfig */;
			buildSettings = {
				ASSETCATALOG_COMPILER_APPICON_NAME = AppIcon;
				CODE_SIGN_ENTITLEMENTS = AcatantMaster/AcatantMaster.entitlements;
				CODE_SIGN_STYLE = Automatic;
				DEVELOPMENT_TEAM = 26R5URXZ3V;
				INFOPLIST_FILE = AcatantMaster/Info.plist;
				LD_RUNPATH_SEARCH_PATHS = (
					"$(inherited)",
					"@executable_path/Frameworks",
				);
				PRODUCT_BUNDLE_IDENTIFIER = com.indratechid.AcatantMaster;
				PRODUCT_NAME = "$(TARGET_NAME)";
				SWIFT_VERSION = 5.0;
				TARGETED_DEVICE_FAMILY = "1,2";
			};
			name = Debug;
		};
		8E44FD1E233312AE00993A6F /* Release */ = {
			isa = XCBuildConfiguration;
			baseConfigurationReference = D6373C09385B4A8B192F4F0D /* Pods-AcatantMaster.release.xcconfig */;
			buildSettings = {
				ASSETCATALOG_COMPILER_APPICON_NAME = AppIcon;
				CODE_SIGN_ENTITLEMENTS = AcatantMaster/AcatantMaster.entitlements;
				CODE_SIGN_STYLE = Automatic;
				DEVELOPMENT_TEAM = 26R5URXZ3V;
				INFOPLIST_FILE = AcatantMaster/Info.plist;
				LD_RUNPATH_SEARCH_PATHS = (
					"$(inherited)",
					"@executable_path/Frameworks",
				);
				PRODUCT_BUNDLE_IDENTIFIER = com.indratechid.AcatantMaster;
				PRODUCT_NAME = "$(TARGET_NAME)";
				SWIFT_VERSION = 5.0;
				TARGETED_DEVICE_FAMILY = "1,2";
			};
			name = Release;
		};
/* End XCBuildConfiguration section */

/* Begin XCConfigurationList section */
		8E44FD02233312AB00993A6F /* Build configuration list for PBXProject "AcatantMaster" */ = {
			isa = XCConfigurationList;
			buildConfigurations = (
				8E44FD1A233312AE00993A6F /* Debug */,
				8E44FD1B233312AE00993A6F /* Release */,
			);
			defaultConfigurationIsVisible = 0;
			defaultConfigurationName = Release;
		};
		8E44FD1C233312AE00993A6F /* Build configuration list for PBXNativeTarget "AcatantMaster" */ = {
			isa = XCConfigurationList;
			buildConfigurations = (
				8E44FD1D233312AE00993A6F /* Debug */,
				8E44FD1E233312AE00993A6F /* Release */,
			);
			defaultConfigurationIsVisible = 0;
			defaultConfigurationName = Release;
		};
/* End XCConfigurationList section */

/* Begin XCVersionGroup section */
		8E44FD11233312AB00993A6F /* AcatantMaster.xcdatamodeld */ = {
			isa = XCVersionGroup;
			children = (
				8E44FD12233312AB00993A6F /* AcatantMaster.xcdatamodel */,
			);
			currentVersion = 8E44FD12233312AB00993A6F /* AcatantMaster.xcdatamodel */;
			path = AcatantMaster.xcdatamodeld;
			sourceTree = "<group>";
			versionGroupType = wrapper.xcdatamodel;
		};
/* End XCVersionGroup section */
	};
	rootObject = 8E44FCFF233312AB00993A6F /* Project object */;
}
